
Microsoft Visual Studio Solution File, Format Version 12.00
# Visual Studio Version 17
VisualStudioVersion = 17.7.34024.191
MinimumVisualStudioVersion = 10.0.40219.1
Project("{9A19103F-16F7-4668-BE54-9A1E7A4F7556}") = "GerenciadorAcervo.API", "GerenciadorAcervo.API\GerenciadorAcervo.API.csproj", "{AFFEC19C-B38A-40BF-8270-F3DF776C9A46}"
EndProject
Project("{9A19103F-16F7-4668-BE54-9A1E7A4F7556}") = "GerenciadorAcervo.Dados", "GerenciadorAcervo.Dados\GerenciadorAcervo.Dados.csproj", "{19FA36AC-1BB2-49EB-800E-10DE32F3F934}"
EndProject
Project("{9A19103F-16F7-4668-BE54-9A1E7A4F7556}") = "GerenciadorAcervo.Modelos", "GerenciadorAcervo.Modelos\GerenciadorAcervo.Modelos.csproj", "{0A5409EE-92B6-41A4-BCE8-DE4B1EEAF8EB}"
EndProject
Project("{9A19103F-16F7-4668-BE54-9A1E7A4F7556}") = "GerenciadorAcervo.Servicos", "GerenciadorAcervo.Servicos\GerenciadorAcervo.Servicos.csproj", "{74FDBAD6-F2C5-4455-9570-B26CB507C79F}"
EndProject
Project("{2150E333-8FDC-42A3-9474-1A3956D46DE8}") = "Solution Items", "Solution Items", "{2BC4DF8C-E75C-4EBA-9AD0-53B04BACC450}"
	ProjectSection(SolutionItems) = preProject
		.editorconfig = .editorconfig
	EndProjectSection
EndProject
Global
	GlobalSection(SolutionConfigurationPlatforms) = preSolution
		Debug|Any CPU = Debug|Any CPU
		Release|Any CPU = Release|Any CPU
	EndGlobalSection
	GlobalSection(ProjectConfigurationPlatforms) = postSolution
		{AFFEC19C-B38A-40BF-8270-F3DF776C9A46}.Debug|Any CPU.ActiveCfg = Debug|Any CPU
		{AFFEC19C-B38A-40BF-8270-F3DF776C9A46}.Debug|Any CPU.Build.0 = Debug|Any CPU
		{AFFEC19C-B38A-40BF-8270-F3DF776C9A46}.Release|Any CPU.ActiveCfg = Release|Any CPU
		{AFFEC19C-B38A-40BF-8270-F3DF776C9A46}.Release|Any CPU.Build.0 = Release|Any CPU
		{19FA36AC-1BB2-49EB-800E-10DE32F3F934}.Debug|Any CPU.ActiveCfg = Debug|Any CPU
		{19FA36AC-1BB2-49EB-800E-10DE32F3F934}.Debug|Any CPU.Build.0 = Debug|Any CPU
		{19FA36AC-1BB2-49EB-800E-10DE32F3F934}.Release|Any CPU.ActiveCfg = Release|Any CPU
		{19FA36AC-1BB2-49EB-800E-10DE32F3F934}.Release|Any CPU.Build.0 = Release|Any CPU
		{0A5409EE-92B6-41A4-BCE8-DE4B1EEAF8EB}.Debug|Any CPU.ActiveCfg = Debug|Any CPU
		{0A5409EE-92B6-41A4-BCE8-DE4B1EEAF8EB}.Debug|Any CPU.Build.0 = Debug|Any CPU
		{0A5409EE-92B6-41A4-BCE8-DE4B1EEAF8EB}.Release|Any CPU.ActiveCfg = Release|Any CPU
		{0A5409EE-92B6-41A4-BCE8-DE4B1EEAF8EB}.Release|Any CPU.Build.0 = Release|Any CPU
		{74FDBAD6-F2C5-4455-9570-B26CB507C79F}.Debug|Any CPU.ActiveCfg = Debug|Any CPU
		{74FDBAD6-F2C5-4455-9570-B26CB507C79F}.Debug|Any CPU.Build.0 = Debug|Any CPU
		{74FDBAD6-F2C5-4455-9570-B26CB507C79F}.Release|Any CPU.ActiveCfg = Release|Any CPU
		{74FDBAD6-F2C5-4455-9570-B26CB507C79F}.Release|Any CPU.Build.0 = Release|Any CPU
	EndGlobalSection
	GlobalSection(SolutionProperties) = preSolution
		HideSolutionNode = FALSE
	EndGlobalSection
	GlobalSection(ExtensibilityGlobals) = postSolution
		SolutionGuid = {071AE0B2-FDD8-44EE-817B-9A1BDBA4C82B}
	EndGlobalSection
EndGlobal
